
Microsoft Visual Studio Solution File, Format Version 12.00
# Visual Studio Version 17
VisualStudioVersion = 17.5.33502.453
MinimumVisualStudioVersion = 10.0.40219.1
Project("{FAE04EC0-301F-11D3-BF4B-00C04F79EFBC}") = "Server_TH1", "Server_TH1\Server_TH1.csproj", "{0D5964BD-A1BD-4EF5-8E38-90D7FBD14F51}"
EndProject
Global
	GlobalSection(SolutionConfigurationPlatforms) = preSolution
		Debug|Any CPU = Debug|Any CPU
		Release|Any CPU = Release|Any CPU
	EndGlobalSection
	GlobalSection(ProjectConfigurationPlatforms) = postSolution
		{0D5964BD-A1BD-4EF5-8E38-90D7FBD14F51}.Debug|Any CPU.ActiveCfg = Debug|Any CPU
		{0D5964BD-A1BD-4EF5-8E38-90D7FBD14F51}.Debug|Any CPU.Build.0 = Debug|Any CPU
		{0D5964BD-A1BD-4EF5-8E38-90D7FBD14F51}.Release|Any CPU.ActiveCfg = Release|Any CPU
		{0D5964BD-A1BD-4EF5-8E38-90D7FBD14F51}.Release|Any CPU.Build.0 = Release|Any CPU
	EndGlobalSection
	GlobalSection(SolutionProperties) = preSolution
		HideSolutionNode = FALSE
	EndGlobalSection
	GlobalSection(ExtensibilityGlobals) = postSolution
		SolutionGuid = {67475EB9-DAEE-4F4C-8929-8C59CDA5394D}
	EndGlobalSection
EndGlobal
